{
  "lockfileVersion": 1,
  "configVersion": 1,
  "workspaces": {
    "": {
      "name": "outliner-turso-spike",
      "dependencies": {
        "turso-preview": "npm:@tursodatabase/database@0.8.0-pre.12",
        "turso-stable": "npm:@tursodatabase/database@0.7.2",
      },
    },
  },
  "packages": {
    "@tursodatabase/database-common": ["@tursodatabase/database-common@0.8.0-pre.12", "", {}, "sha512-Z23PJOkd9SqqU12lwcdoN3LPYW5pVaob0TJv1lNYjbyBqBigVZDYFaCvceoawGK4u/Dvw4x5m7gLWBwfSwjrtg=="],

    "@tursodatabase/database-darwin-arm64": ["@tursodatabase/database-darwin-arm64@0.8.0-pre.12", "", { "os": "darwin", "cpu": "arm64" }, "sha512-g7c/4PY14miGVJoN5EUVAACESdoGqQ4gbq0ktNHFnXtIl271NC504jDuBHulg9IYUqFY+A0FP09NwFBO381uwg=="],

    "@tursodatabase/database-linux-arm64-gnu": ["@tursodatabase/database-linux-arm64-gnu@0.8.0-pre.12", "", { "os": "linux", "cpu": "arm64" }, "sha512-l1G1itPMKsd4hJnblE5nJyqxMa1h7lTic4P1sl1vmxIPtJdZ/92+5oc/fAXSl2Z8HSepAz/tmXYgyYnn5D6Fhw=="],

    "@tursodatabase/database-linux-x64-gnu": ["@tursodatabase/database-linux-x64-gnu@0.8.0-pre.12", "", { "os": "linux", "cpu": "x64" }, "sha512-8K7x1h88BxuA4PhXpzobrPKS6T28RZLeNZpxvEcuIUNh+iqv5DfDZCgaBgZrlPuS8gxZomRSBp5pmZo+pWkvHA=="],

    "@tursodatabase/database-win32-x64-msvc": ["@tursodatabase/database-win32-x64-msvc@0.8.0-pre.12", "", { "os": "win32", "cpu": "x64" }, "sha512-lxwTtLazzZ3I6Cqi/gY3FkOzvc/mn2pOJ1L/JAOCOiTUq0q7zewXOz+VXQiWh80kwZ21uVnLc3pn5Kl4IaiuVQ=="],

    "turso-preview": ["@tursodatabase/database@0.8.0-pre.12", "", { "dependencies": { "@tursodatabase/database-common": "^0.8.0-pre.12" }, "optionalDependencies": { "@tursodatabase/database-darwin-arm64": "0.8.0-pre.12", "@tursodatabase/database-linux-arm64-gnu": "0.8.0-pre.12", "@tursodatabase/database-linux-x64-gnu": "0.8.0-pre.12", "@tursodatabase/database-win32-x64-msvc": "0.8.0-pre.12" } }, "sha512-VxbbghAGLkvBTTyatJCMOE04w1MucNZh5oR2V1DxML+nQpH5yzFg4YcsvyxQUbqXOEpfaTDFIq8jNpyVDRz4cg=="],

    "turso-stable": ["@tursodatabase/database@0.7.2", "", { "dependencies": { "@tursodatabase/database-common": "^0.7.2" }, "optionalDependencies": { "@tursodatabase/database-darwin-arm64": "0.7.2", "@tursodatabase/database-linux-arm64-gnu": "0.7.2", "@tursodatabase/database-linux-x64-gnu": "0.7.2", "@tursodatabase/database-win32-x64-msvc": "0.7.2" } }, "sha512-B84QicyDYnKt97qxgb7861cQQC26kuv/LkUlCnpxGs4tuGT9zgS2z/Mt+BkG/wOo1fB4rsSycOgGCbi0xU0YOQ=="],

    "turso-stable/@tursodatabase/database-common": ["@tursodatabase/database-common@0.7.2", "", {}, "sha512-c4uWaA5m7nyDemUrjvX6lQQ89cBxv1jCv7nmwq5JoagyXgbMxDeBfLcY7N5kn0oEcnD0Y+cf09S0wKEXKFKbfg=="],

    "turso-stable/@tursodatabase/database-darwin-arm64": ["@tursodatabase/database-darwin-arm64@0.7.2", "", { "os": "darwin", "cpu": "arm64" }, "sha512-pDYbrPnmsqzWsf21bQXXGKmGhcLdfQQVjx+yrpC/IboCue5o/h9fDZ1QFzQEP6CHRXXoc+pwQCyF8KBntI8fdA=="],

    "turso-stable/@tursodatabase/database-linux-arm64-gnu": ["@tursodatabase/database-linux-arm64-gnu@0.7.2", "", { "os": "linux", "cpu": "arm64" }, "sha512-/Blz7cRssWh7dk8vGs7Cq3kupHOnI0GROAg+u9J4MD5U5ABAabJGN7iW5YQ16jZW35Bv2AkmJAyjvsCWdTyfTg=="],

    "turso-stable/@tursodatabase/database-linux-x64-gnu": ["@tursodatabase/database-linux-x64-gnu@0.7.2", "", { "os": "linux", "cpu": "x64" }, "sha512-rXxInfTxKRPG3XeOAZvzJuX4wF+m9t9BjLbFnKU83Ad8ob2z88r1x+EV7IBzEFhz2FbvrRgriH7PhIEZ7Lx5ug=="],

    "turso-stable/@tursodatabase/database-win32-x64-msvc": ["@tursodatabase/database-win32-x64-msvc@0.7.2", "", { "os": "win32", "cpu": "x64" }, "sha512-AUvN3KO1bZOpsXVofRIMM2+MJ6OghUhgK62t8/3Bsb0Zzt6PztaMvJrtaWI6u5Olx0WCfGdhaVKyegcjYPNAeA=="],
  }
}
